// !$*UTF8*$!
{
	archiveVersion = 1;
	classes = {
	};
	objectVersion = 46;
	objects = {

/* Begin PBXBuildFile section */
		0235FC4C1C7C0E3E0077E250 /* Alarm+CoreDataProperties.swift in Sources */ = {isa = PBXBuildFile; fileRef = 0235FC4A1C7C0E3E0077E250 /* Alarm+CoreDataProperties.swift */; };
		0235FC4D1C7C0E3E0077E250 /* Alarm.swift in Sources */ = {isa = PBXBuildFile; fileRef = 0235FC4B1C7C0E3E0077E250 /* Alarm.swift */; };
		024D9ADD1C78E80E00C361C4 /* RepeatTableViewCell.swift in Sources */ = {isa = PBXBuildFile; fileRef = 024D9ADC1C78E80E00C361C4 /* RepeatTableViewCell.swift */; };
		024D9ADF1C78E82500C361C4 /* AlarmNameTableViewCell.swift in Sources */ = {isa = PBXBuildFile; fileRef = 024D9ADE1C78E82500C361C4 /* AlarmNameTableViewCell.swift */; };
		024D9AE11C78E83200C361C4 /* SoundTableViewCell.swift in Sources */ = {isa = PBXBuildFile; fileRef = 024D9AE01C78E83200C361C4 /* SoundTableViewCell.swift */; };
		024D9AE31C78E83900C361C4 /* SnoozeTableViewCell.swift in Sources */ = {isa = PBXBuildFile; fileRef = 024D9AE21C78E83900C361C4 /* SnoozeTableViewCell.swift */; };
		02C6DEC81C77EC44009F5A38 /* AppDelegate.swift in Sources */ = {isa = PBXBuildFile; fileRef = 02C6DEC71C77EC44009F5A38 /* AppDelegate.swift */; };
		02C6DECD1C77EC44009F5A38 /* Main.storyboard in Resources */ = {isa = PBXBuildFile; fileRef = 02C6DECB1C77EC44009F5A38 /* Main.storyboard */; };
		02C6DECF1C77EC44009F5A38 /* Assets.xcassets in Resources */ = {isa = PBXBuildFile; fileRef = 02C6DECE1C77EC44009F5A38 /* Assets.xcassets */; };
		02C6DED21C77EC44009F5A38 /* LaunchScreen.storyboard in Resources */ = {isa = PBXBuildFile; fileRef = 02C6DED01C77EC44009F5A38 /* LaunchScreen.storyboard */; };
		02C6DEDA1C77ECC5009F5A38 /* AlarmListTableViewController.swift in Sources */ = {isa = PBXBuildFile; fileRef = 02C6DED91C77ECC5009F5A38 /* AlarmListTableViewController.swift */; };
		02C6DEDD1C77EED9009F5A38 /* AlarmTableViewCell.swift in Sources */ = {isa = PBXBuildFile; fileRef = 02C6DEDC1C77EED9009F5A38 /* AlarmTableViewCell.swift */; };
		02C6DEE11C77F5A7009F5A38 /* UIColor.swift in Sources */ = {isa = PBXBuildFile; fileRef = 02C6DEE01C77F5A7009F5A38 /* UIColor.swift */; };
		02C6DEE31C77FEA6009F5A38 /* AlarmDetailTableViewController.swift in Sources */ = {isa = PBXBuildFile; fileRef = 02C6DEE21C77FEA6009F5A38 /* AlarmDetailTableViewController.swift */; };
		02C6DEE51C7800DB009F5A38 /* PickerTableViewCell.swift in Sources */ = {isa = PBXBuildFile; fileRef = 02C6DEE41C7800DB009F5A38 /* PickerTableViewCell.swift */; };
		02EFBCF21C78EEF00074756D /* DeleteAlarmTableViewCell.swift in Sources */ = {isa = PBXBuildFile; fileRef = 02EFBCF11C78EEF00074756D /* DeleteAlarmTableViewCell.swift */; };
		02EFBCF51C794AB20074756D /* Alarm.xcdatamodeld in Sources */ = {isa = PBXBuildFile; fileRef = 02EFBCF31C794AB20074756D /* Alarm.xcdatamodeld */; };
		02EFBCF71C795BFC0074756D /* Stack.swift in Sources */ = {isa = PBXBuildFile; fileRef = 02EFBCF61C795BFC0074756D /* Stack.swift */; };
/* End PBXBuildFile section */

/* Begin PBXFileReference section */
		0235FC4A1C7C0E3E0077E250 /* Alarm+CoreDataProperties.swift */ = {isa = PBXFileReference; fileEncoding = 4; lastKnownFileType = sourcecode.swift; name = "Alarm+CoreDataProperties.swift"; path = "../Alarm+CoreDataProperties.swift"; sourceTree = "<group>"; };
		0235FC4B1C7C0E3E0077E250 /* Alarm.swift */ = {isa = PBXFileReference; fileEncoding = 4; lastKnownFileType = sourcecode.swift; name = Alarm.swift; path = ../Alarm.swift; sourceTree = "<group>"; };
		024D9ADC1C78E80E00C361C4 /* RepeatTableViewCell.swift */ = {isa = PBXFileReference; fileEncoding = 4; lastKnownFileType = sourcecode.swift; path = RepeatTableViewCell.swift; sourceTree = "<group>"; };
		024D9ADE1C78E82500C361C4 /* AlarmNameTableViewCell.swift */ = {isa = PBXFileReference; fileEncoding = 4; lastKnownFileType = sourcecode.swift; path = AlarmNameTableViewCell.swift; sourceTree = "<group>"; };
		024D9AE01C78E83200C361C4 /* SoundTableViewCell.swift */ = {isa = PBXFileReference; fileEncoding = 4; lastKnownFileType = sourcecode.swift; path = SoundTableViewCell.swift; sourceTree = "<group>"; };
		024D9AE21C78E83900C361C4 /* SnoozeTableViewCell.swift */ = {isa = PBXFileReference; fileEncoding = 4; lastKnownFileType = sourcecode.swift; path = SnoozeTableViewCell.swift; sourceTree = "<group>"; };
		02C6DEC41C77EC44009F5A38 /* Alarmony.app */ = {isa = PBXFileReference; explicitFileType = wrapper.application; includeInIndex = 0; path = Alarmony.app; sourceTree = BUILT_PRODUCTS_DIR; };
		02C6DEC71C77EC44009F5A38 /* AppDelegate.swift */ = {isa = PBXFileReference; lastKnownFileType = sourcecode.swift; path = AppDelegate.swift; sourceTree = "<group>"; };
		02C6DECC1C77EC44009F5A38 /* Base */ = {isa = PBXFileReference; lastKnownFileType = file.storyboard; name = Base; path = Base.lproj/Main.storyboard; sourceTree = "<group>"; };
		02C6DECE1C77EC44009F5A38 /* Assets.xcassets */ = {isa = PBXFileReference; lastKnownFileType = folder.assetcatalog; path = Assets.xcassets; sourceTree = "<group>"; };
		02C6DED11C77EC44009F5A38 /* Base */ = {isa = PBXFileReference; lastKnownFileType = file.storyboard; name = Base; path = Base.lproj/LaunchScreen.storyboard; sourceTree = "<group>"; };
		02C6DED31C77EC44009F5A38 /* Info.plist */ = {isa = PBXFileReference; lastKnownFileType = text.plist.xml; path = Info.plist; sourceTree = "<group>"; };
		02C6DED91C77ECC5009F5A38 /* AlarmListTableViewController.swift */ = {isa = PBXFileReference; fileEncoding = 4; lastKnownFileType = sourcecode.swift; path = AlarmListTableViewController.swift; sourceTree = "<group>"; };
		02C6DEDC1C77EED9009F5A38 /* AlarmTableViewCell.swift */ = {isa = PBXFileReference; fileEncoding = 4; lastKnownFileType = sourcecode.swift; path = AlarmTableViewCell.swift; sourceTree = "<group>"; };
		02C6DEE01C77F5A7009F5A38 /* UIColor.swift */ = {isa = PBXFileReference; fileEncoding = 4; lastKnownFileType = sourcecode.swift; name = UIColor.swift; path = ../UIColor.swift; sourceTree = "<group>"; };
		02C6DEE21C77FEA6009F5A38 /* AlarmDetailTableViewController.swift */ = {isa = PBXFileReference; fileEncoding = 4; lastKnownFileType = sourcecode.swift; path = AlarmDetailTableViewController.swift; sourceTree = "<group>"; };
		02C6DEE41C7800DB009F5A38 /* PickerTableViewCell.swift */ = {isa = PBXFileReference; fileEncoding = 4; lastKnownFileType = sourcecode.swift; path = PickerTableViewCell.swift; sourceTree = "<group>"; };
		02EFBCF11C78EEF00074756D /* DeleteAlarmTableViewCell.swift */ = {isa = PBXFileReference; fileEncoding = 4; lastKnownFileType = sourcecode.swift; path = DeleteAlarmTableViewCell.swift; sourceTree = "<group>"; };
		02EFBCF41C794AB20074756D /* Alarm.xcdatamodel */ = {isa = PBXFileReference; lastKnownFileType = wrapper.xcdatamodel; path = Alarm.xcdatamodel; sourceTree = "<group>"; };
		02EFBCF61C795BFC0074756D /* Stack.swift */ = {isa = PBXFileReference; fileEncoding = 4; lastKnownFileType = sourcecode.swift; path = Stack.swift; sourceTree = "<group>"; };
/* End PBXFileReference section */

/* Begin PBXFrameworksBuildPhase section */
		02C6DEC11C77EC44009F5A38 /* Frameworks */ = {
			isa = PBXFrameworksBuildPhase;
			buildActionMask = 2147483647;
			files = (
			);
			runOnlyForDeploymentPostprocessing = 0;
		};
/* End PBXFrameworksBuildPhase section */

/* Begin PBXGroup section */
		0235FC491C7C0DAF0077E250 /* Model */ = {
			isa = PBXGroup;
			children = (
				0235FC4A1C7C0E3E0077E250 /* Alarm+CoreDataProperties.swift */,
				0235FC4B1C7C0E3E0077E250 /* Alarm.swift */,
			);
			name = Model;
			sourceTree = "<group>";
		};
		024D9AE41C78E84400C361C4 /* AlarmDetail Cells */ = {
			isa = PBXGroup;
			children = (
				02C6DEE41C7800DB009F5A38 /* PickerTableViewCell.swift */,
				024D9ADC1C78E80E00C361C4 /* RepeatTableViewCell.swift */,
				024D9ADE1C78E82500C361C4 /* AlarmNameTableViewCell.swift */,
				024D9AE01C78E83200C361C4 /* SoundTableViewCell.swift */,
				024D9AE21C78E83900C361C4 /* SnoozeTableViewCell.swift */,
				02EFBCF11C78EEF00074756D /* DeleteAlarmTableViewCell.swift */,
			);
			name = "AlarmDetail Cells";
			sourceTree = "<group>";
		};
		02C6DEBB1C77EC44009F5A38 = {
			isa = PBXGroup;
			children = (
				02C6DEC61C77EC44009F5A38 /* Alarmony */,
				02C6DEC51C77EC44009F5A38 /* Products */,
			);
			sourceTree = "<group>";
		};
		02C6DEC51C77EC44009F5A38 /* Products */ = {
			isa = PBXGroup;
			children = (
				02C6DEC41C77EC44009F5A38 /* Alarmony.app */,
			);
			name = Products;
			sourceTree = "<group>";
		};
		02C6DEC61C77EC44009F5A38 /* Alarmony */ = {
			isa = PBXGroup;
			children = (
				02C6DECB1C77EC44009F5A38 /* Main.storyboard */,
				02C6DED91C77ECC5009F5A38 /* AlarmListTableViewController.swift */,
				02C6DEDC1C77EED9009F5A38 /* AlarmTableViewCell.swift */,
				02C6DEE21C77FEA6009F5A38 /* AlarmDetailTableViewController.swift */,
				024D9AE41C78E84400C361C4 /* AlarmDetail Cells */,
				0235FC491C7C0DAF0077E250 /* Model */,
				02C6DEDB1C77ECE1009F5A38 /* Other */,
			);
			path = Alarmony;
			sourceTree = "<group>";
		};
		02C6DEDB1C77ECE1009F5A38 /* Other */ = {
			isa = PBXGroup;
			children = (
				02EFBCF61C795BFC0074756D /* Stack.swift */,
				02EFBCF31C794AB20074756D /* Alarm.xcdatamodeld */,
				02C6DEC71C77EC44009F5A38 /* AppDelegate.swift */,
				02C6DEE01C77F5A7009F5A38 /* UIColor.swift */,
				02C6DECE1C77EC44009F5A38 /* Assets.xcassets */,
				02C6DED01C77EC44009F5A38 /* LaunchScreen.storyboard */,
				02C6DED31C77EC44009F5A38 /* Info.plist */,
			);
			name = Other;
			sourceTree = "<group>";
		};
/* End PBXGroup section */

/* Begin PBXNativeTarget section */
		02C6DEC31C77EC44009F5A38 /* Alarmony */ = {
			isa = PBXNativeTarget;
			buildConfigurationList = 02C6DED61C77EC44009F5A38 /* Build configuration list for PBXNativeTarget "Alarmony" */;
			buildPhases = (
				02C6DEC01C77EC44009F5A38 /* Sources */,
				02C6DEC11C77EC44009F5A38 /* Frameworks */,
				02C6DEC21C77EC44009F5A38 /* Resources */,
			);
			buildRules = (
			);
			dependencies = (
			);
			name = Alarmony;
			productName = Alarmony;
			productReference = 02C6DEC41C77EC44009F5A38 /* Alarmony.app */;
			productType = "com.apple.product-type.application";
		};
/* End PBXNativeTarget section */

/* Begin PBXProject section */
		02C6DEBC1C77EC44009F5A38 /* Project object */ = {
			isa = PBXProject;
			attributes = {
				LastSwiftUpdateCheck = 0720;
				LastUpgradeCheck = 0720;
				ORGANIZATIONNAME = "FalcOne Development";
				TargetAttributes = {
					02C6DEC31C77EC44009F5A38 = {
						CreatedOnToolsVersion = 7.2.1;
					};
				};
			};
			buildConfigurationList = 02C6DEBF1C77EC44009F5A38 /* Build configuration list for PBXProject "Alarmony" */;
			compatibilityVersion = "Xcode 3.2";
			developmentRegion = English;
			hasScannedForEncodings = 0;
			knownRegions = (
				en,
				Base,
			);
			mainGroup = 02C6DEBB1C77EC44009F5A38;
			productRefGroup = 02C6DEC51C77EC44009F5A38 /* Products */;
			projectDirPath = "";
			projectRoot = "";
			targets = (
				02C6DEC31C77EC44009F5A38 /* Alarmony */,
			);
		};
/* End PBXProject section */

/* Begin PBXResourcesBuildPhase section */
		02C6DEC21C77EC44009F5A38 /* Resources */ = {
			isa = PBXResourcesBuildPhase;
			buildActionMask = 2147483647;
			files = (
				02C6DED21C77EC44009F5A38 /* LaunchScreen.storyboard in Resources */,
				02C6DECF1C77EC44009F5A38 /* Assets.xcassets in Resources */,
				02C6DECD1C77EC44009F5A38 /* Main.storyboard in Resources */,
			);
			runOnlyForDeploymentPostprocessing = 0;
		};
/* End PBXResourcesBuildPhase section */

/* Begin PBXSourcesBuildPhase section */
		02C6DEC01C77EC44009F5A38 /* Sources */ = {
			isa = PBXSourcesBuildPhase;
			buildActionMask = 2147483647;
			files = (
				024D9ADF1C78E82500C361C4 /* AlarmNameTableViewCell.swift in Sources */,
				02EFBCF71C795BFC0074756D /* Stack.swift in Sources */,
				0235FC4D1C7C0E3E0077E250 /* Alarm.swift in Sources */,
				02C6DEC81C77EC44009F5A38 /* AppDelegate.swift in Sources */,
				02C6DEE51C7800DB009F5A38 /* PickerTableViewCell.swift in Sources */,
				024D9AE31C78E83900C361C4 /* SnoozeTableViewCell.swift in Sources */,
				024D9ADD1C78E80E00C361C4 /* RepeatTableViewCell.swift in Sources */,
				02C6DEE11C77F5A7009F5A38 /* UIColor.swift in Sources */,
				0235FC4C1C7C0E3E0077E250 /* Alarm+CoreDataProperties.swift in Sources */,
				024D9AE11C78E83200C361C4 /* SoundTableViewCell.swift in Sources */,
				02C6DEDA1C77ECC5009F5A38 /* AlarmListTableViewController.swift in Sources */,
				02EFBCF21C78EEF00074756D /* DeleteAlarmTableViewCell.swift in Sources */,
				02C6DEE31C77FEA6009F5A38 /* AlarmDetailTableViewController.swift in Sources */,
				02C6DEDD1C77EED9009F5A38 /* AlarmTableViewCell.swift in Sources */,
				02EFBCF51C794AB20074756D /* Alarm.xcdatamodeld in Sources */,
			);
			runOnlyForDeploymentPostprocessing = 0;
		};
/* End PBXSourcesBuildPhase section */

/* Begin PBXVariantGroup section */
		02C6DECB1C77EC44009F5A38 /* Main.storyboard */ = {
			isa = PBXVariantGroup;
			children = (
				02C6DECC1C77EC44009F5A38 /* Base */,
			);
			name = Main.storyboard;
			sourceTree = "<group>";
		};
		02C6DED01C77EC44009F5A38 /* LaunchScreen.storyboard */ = {
			isa = PBXVariantGroup;
			children = (
				02C6DED11C77EC44009F5A38 /* Base */,
			);
			name = LaunchScreen.storyboard;
			sourceTree = "<group>";
		};
/* End PBXVariantGroup section */

/* Begin XCBuildConfiguration section */
		02C6DED41C77EC44009F5A38 /* Debug */ = {
			isa = XCBuildConfiguration;
			buildSettings = {
				ALWAYS_SEARCH_USER_PATHS = NO;
				CLANG_CXX_LANGUAGE_STANDARD = "gnu++0x";
				CLANG_CXX_LIBRARY = "libc++";
				CLANG_ENABLE_MODULES = YES;
				CLANG_ENABLE_OBJC_ARC = YES;
				CLANG_WARN_BOOL_CONVERSION = YES;
				CLANG_WARN_CONSTANT_CONVERSION = YES;
				CLANG_WARN_DIRECT_OBJC_ISA_USAGE = YES_ERROR;
				CLANG_WARN_EMPTY_BODY = YES;
				CLANG_WARN_ENUM_CONVERSION = YES;
				CLANG_WARN_INT_CONVERSION = YES;
				CLANG_WARN_OBJC_ROOT_CLASS = YES_ERROR;
				CLANG_WARN_UNREACHABLE_CODE = YES;
				CLANG_WARN__DUPLICATE_METHOD_MATCH = YES;
				"CODE_SIGN_IDENTITY[sdk=iphoneos*]" = "iPhone Developer";
				COPY_PHASE_STRIP = NO;
				DEBUG_INFORMATION_FORMAT = dwarf;
				ENABLE_STRICT_OBJC_MSGSEND = YES;
				ENABLE_TESTABILITY = YES;
				GCC_C_LANGUAGE_STANDARD = gnu99;
				GCC_DYNAMIC_NO_PIC = NO;
				GCC_NO_COMMON_BLOCKS = YES;
				GCC_OPTIMIZATION_LEVEL = 0;
				GCC_PREPROCESSOR_DEFINITIONS = (
					"DEBUG=1",
					"$(inherited)",
				);
				GCC_WARN_64_TO_32_BIT_CONVERSION = YES;
				GCC_WARN_ABOUT_RETURN_TYPE = YES_ERROR;
				GCC_WARN_UNDECLARED_SELECTOR = YES;
				GCC_WARN_UNINITIALIZED_AUTOS = YES_AGGRESSIVE;
				GCC_WARN_UNUSED_FUNCTION = YES;
				GCC_WARN_UNUSED_VARIABLE = YES;
				IPHONEOS_DEPLOYMENT_TARGET = 9.2;
				MTL_ENABLE_DEBUG_INFO = YES;
				ONLY_ACTIVE_ARCH = YES;
				SDKROOT = iphoneos;
				SWIFT_OPTIMIZATION_LEVEL = "-Onone";
			};
			name = Debug;
		};
		02C6DED51C77EC44009F5A38 /* Release */ = {
			isa = XCBuildConfiguration;
			buildSettings = {
				ALWAYS_SEARCH_USER_PATHS = NO;
				CLANG_CXX_LANGUAGE_STANDARD = "gnu++0x";
				CLANG_CXX_LIBRARY = "libc++";
				CLANG_ENABLE_MODULES = YES;
				CLANG_ENABLE_OBJC_ARC = YES;
				CLANG_WARN_BOOL_CONVERSION = YES;
				CLANG_WARN_CONSTANT_CONVERSION = YES;
				CLANG_WARN_DIRECT_OBJC_ISA_USAGE = YES_ERROR;
				CLANG_WARN_EMPTY_BODY = YES;
				CLANG_WARN_ENUM_CONVERSION = YES;
				CLANG_WARN_INT_CONVERSION = YES;
				CLANG_WARN_OBJC_ROOT_CLASS = YES_ERROR;
				CLANG_WARN_UNREACHABLE_CODE = YES;
				CLANG_WARN__DUPLICATE_METHOD_MATCH = YES;
				"CODE_SIGN_IDENTITY[sdk=iphoneos*]" = "iPhone Developer";
				COPY_PHASE_STRIP = NO;
				DEBUG_INFORMATION_FORMAT = "dwarf-with-dsym";
				ENABLE_NS_ASSERTIONS = NO;
				ENABLE_STRICT_OBJC_MSGSEND = YES;
				GCC_C_LANGUAGE_STANDARD = gnu99;
				GCC_NO_COMMON_BLOCKS = YES;
				GCC_WARN_64_TO_32_BIT_CONVERSION = YES;
				GCC_WARN_ABOUT_RETURN_TYPE = YES_ERROR;
				GCC_WARN_UNDECLARED_SELECTOR = YES;
				GCC_WARN_UNINITIALIZED_AUTOS = YES_AGGRESSIVE;
				GCC_WARN_UNUSED_FUNCTION = YES;
				GCC_WARN_UNUSED_VARIABLE = YES;
				IPHONEOS_DEPLOYMENT_TARGET = 9.2;
				MTL_ENABLE_DEBUG_INFO = NO;
				SDKROOT = iphoneos;
				VALIDATE_PRODUCT = YES;
			};
			name = Release;
		};
		02C6DED71C77EC44009F5A38 /* Debug */ = {
			isa = XCBuildConfiguration;
			buildSettings = {
				ASSETCATALOG_COMPILER_APPICON_NAME = AppIcon;
				INFOPLIST_FILE = Alarmony/Info.plist;
				LD_RUNPATH_SEARCH_PATHS = "$(inherited) @executable_path/Frameworks";
				PRODUCT_BUNDLE_IDENTIFIER = com.falconedevelopment.Alarmony;
				PRODUCT_NAME = "$(TARGET_NAME)";
			};
			name = Debug;
		};
		02C6DED81C77EC44009F5A38 /* Release */ = {
			isa = XCBuildConfiguration;
			buildSettings = {
				ASSETCATALOG_COMPILER_APPICON_NAME = AppIcon;
				INFOPLIST_FILE = Alarmony/Info.plist;
				LD_RUNPATH_SEARCH_PATHS = "$(inherited) @executable_path/Frameworks";
				PRODUCT_BUNDLE_IDENTIFIER = com.falconedevelopment.Alarmony;
				PRODUCT_NAME = "$(TARGET_NAME)";
			};
			name = Release;
		};
/* End XCBuildConfiguration section */

/* Begin XCConfigurationList section */
		02C6DEBF1C77EC44009F5A38 /* Build configuration list for PBXProject "Alarmony" */ = {
			isa = XCConfigurationList;
			buildConfigurations = (
				02C6DED41C77EC44009F5A38 /* Debug */,
				02C6DED51C77EC44009F5A38 /* Release */,
			);
			defaultConfigurationIsVisible = 0;
			defaultConfigurationName = Release;
		};
		02C6DED61C77EC44009F5A38 /* Build configuration list for PBXNativeTarget "Alarmony" */ = {
			isa = XCConfigurationList;
			buildConfigurations = (
				02C6DED71C77EC44009F5A38 /* Debug */,
				02C6DED81C77EC44009F5A38 /* Release */,
			);
			defaultConfigurationIsVisible = 0;
			defaultConfigurationName = Release;
		};
/* End XCConfigurationList section */

/* Begin XCVersionGroup section */
		02EFBCF31C794AB20074756D /* Alarm.xcdatamodeld */ = {
			isa = XCVersionGroup;
			children = (
				02EFBCF41C794AB20074756D /* Alarm.xcdatamodel */,
			);
			currentVersion = 02EFBCF41C794AB20074756D /* Alarm.xcdatamodel */;
			path = Alarm.xcdatamodeld;
			sourceTree = "<group>";
			versionGroupType = wrapper.xcdatamodel;
		};
/* End XCVersionGroup section */
	};
	rootObject = 02C6DEBC1C77EC44009F5A38 /* Project object */;
}
